
Microsoft Visual Studio Solution File, Format Version 12.00
Project("{FAE04EC0-301F-11D3-BF4B-00C04F79EFBC}") = "RazorExample", "RazorExample\RazorExample.csproj", "{F8DE7C87-D767-4273-B8D6-F09C26519704}"
EndProject
Project("{FAE04EC0-301F-11D3-BF4B-00C04F79EFBC}") = "ControllerExample", "ControllerExample\ControllerExample.csproj", "{16ABE330-183C-4A3E-9B63-F0C125B5000A}"
EndProject
Project("{FAE04EC0-301F-11D3-BF4B-00C04F79EFBC}") = "FormExample", "FormExample\FormExample.csproj", "{73402C6D-C870-44A3-9CEA-FE4062A4269B}"
EndProject
Project("{FAE04EC0-301F-11D3-BF4B-00C04F79EFBC}") = "DependencyInjection", "DependencyInjection\DependencyInjection.csproj", "{209B0319-19F0-4F97-BD4C-71E51253F2C4}"
EndProject
Global
	GlobalSection(SolutionConfigurationPlatforms) = preSolution
		Debug|Any CPU = Debug|Any CPU
		Release|Any CPU = Release|Any CPU
	EndGlobalSection
	GlobalSection(ProjectConfigurationPlatforms) = postSolution
		{F8DE7C87-D767-4273-B8D6-F09C26519704}.Debug|Any CPU.ActiveCfg = Debug|Any CPU
		{F8DE7C87-D767-4273-B8D6-F09C26519704}.Debug|Any CPU.Build.0 = Debug|Any CPU
		{F8DE7C87-D767-4273-B8D6-F09C26519704}.Release|Any CPU.ActiveCfg = Release|Any CPU
		{F8DE7C87-D767-4273-B8D6-F09C26519704}.Release|Any CPU.Build.0 = Release|Any CPU
		{16ABE330-183C-4A3E-9B63-F0C125B5000A}.Debug|Any CPU.ActiveCfg = Debug|Any CPU
		{16ABE330-183C-4A3E-9B63-F0C125B5000A}.Debug|Any CPU.Build.0 = Debug|Any CPU
		{16ABE330-183C-4A3E-9B63-F0C125B5000A}.Release|Any CPU.ActiveCfg = Release|Any CPU
		{16ABE330-183C-4A3E-9B63-F0C125B5000A}.Release|Any CPU.Build.0 = Release|Any CPU
		{73402C6D-C870-44A3-9CEA-FE4062A4269B}.Debug|Any CPU.ActiveCfg = Debug|Any CPU
		{73402C6D-C870-44A3-9CEA-FE4062A4269B}.Debug|Any CPU.Build.0 = Debug|Any CPU
		{73402C6D-C870-44A3-9CEA-FE4062A4269B}.Release|Any CPU.ActiveCfg = Release|Any CPU
		{73402C6D-C870-44A3-9CEA-FE4062A4269B}.Release|Any CPU.Build.0 = Release|Any CPU
		{209B0319-19F0-4F97-BD4C-71E51253F2C4}.Debug|Any CPU.ActiveCfg = Debug|Any CPU
		{209B0319-19F0-4F97-BD4C-71E51253F2C4}.Debug|Any CPU.Build.0 = Debug|Any CPU
		{209B0319-19F0-4F97-BD4C-71E51253F2C4}.Release|Any CPU.ActiveCfg = Release|Any CPU
		{209B0319-19F0-4F97-BD4C-71E51253F2C4}.Release|Any CPU.Build.0 = Release|Any CPU
	EndGlobalSection
EndGlobal
